
Microsoft Visual Studio Solution File, Format Version 12.00
# Visual Studio 15
VisualStudioVersion = 15.0.28010.2016
MinimumVisualStudioVersion = 10.0.40219.1
Project("{9A19103F-16F7-4668-BE54-9A1E7A4F7556}") = "CSharp", "CSharp.csproj", "{59283D1B-8226-4EDE-8AB4-81E77B5667D3}"
EndProject
Global
	GlobalSection(SolutionConfigurationPlatforms) = preSolution
		Debug|Any CPU = Debug|Any CPU
		Release|Any CPU = Release|Any CPU
	EndGlobalSection
	GlobalSection(ProjectConfigurationPlatforms) = postSolution
		{59283D1B-8226-4EDE-8AB4-81E77B5667D3}.Debug|Any CPU.ActiveCfg = Debug|Any CPU
		{59283D1B-8226-4EDE-8AB4-81E77B5667D3}.Debug|Any CPU.Build.0 = Debug|Any CPU
		{59283D1B-8226-4EDE-8AB4-81E77B5667D3}.Release|Any CPU.ActiveCfg = Release|Any CPU
		{59283D1B-8226-4EDE-8AB4-81E77B5667D3}.Release|Any CPU.Build.0 = Release|Any CPU
	EndGlobalSection
	GlobalSection(SolutionProperties) = preSolution
		HideSolutionNode = FALSE
	EndGlobalSection
	GlobalSection(ExtensibilityGlobals) = postSolution
		SolutionGuid = {B61B569F-994B-473F-BF32-52DC05ABE6B8}
	EndGlobalSection
EndGlobal
